
Microsoft Visual Studio Solution File, Format Version 12.00
# Visual Studio 15
VisualStudioVersion = 15.0.28307.136
MinimumVisualStudioVersion = 10.0.40219.1
Project("{9A19103F-16F7-4668-BE54-9A1E7A4F7556}") = "SharedModel", "SharedModel\SharedModel.csproj", "{142FF357-00DD-40AA-968C-E0E694E5FB4B}"
EndProject
Project("{9A19103F-16F7-4668-BE54-9A1E7A4F7556}") = "Booking_BAL", "Booking_BAL\Booking_BAL.csproj", "{CD7361DA-8D32-43B9-8364-0478FB1F47E6}"
EndProject
Project("{9A19103F-16F7-4668-BE54-9A1E7A4F7556}") = "Aireline_API", "Aireline_API\Aireline_API.csproj", "{81B4AC3F-EDF7-4873-B8B6-E54C94A90064}"
EndProject
Project("{9A19103F-16F7-4668-BE54-9A1E7A4F7556}") = "Ticket_Booking", "Ticket_Booking\Ticket_Booking.csproj", "{79C3B318-84E0-4B65-B071-7B1C20E98DB6}"
EndProject
Global
	GlobalSection(SolutionConfigurationPlatforms) = preSolution
		Debug|Any CPU = Debug|Any CPU
		Release|Any CPU = Release|Any CPU
	EndGlobalSection
	GlobalSection(ProjectConfigurationPlatforms) = postSolution
		{142FF357-00DD-40AA-968C-E0E694E5FB4B}.Debug|Any CPU.ActiveCfg = Debug|Any CPU
		{142FF357-00DD-40AA-968C-E0E694E5FB4B}.Debug|Any CPU.Build.0 = Debug|Any CPU
		{142FF357-00DD-40AA-968C-E0E694E5FB4B}.Release|Any CPU.ActiveCfg = Release|Any CPU
		{142FF357-00DD-40AA-968C-E0E694E5FB4B}.Release|Any CPU.Build.0 = Release|Any CPU
		{CD7361DA-8D32-43B9-8364-0478FB1F47E6}.Debug|Any CPU.ActiveCfg = Debug|Any CPU
		{CD7361DA-8D32-43B9-8364-0478FB1F47E6}.Debug|Any CPU.Build.0 = Debug|Any CPU
		{CD7361DA-8D32-43B9-8364-0478FB1F47E6}.Release|Any CPU.ActiveCfg = Release|Any CPU
		{CD7361DA-8D32-43B9-8364-0478FB1F47E6}.Release|Any CPU.Build.0 = Release|Any CPU
		{81B4AC3F-EDF7-4873-B8B6-E54C94A90064}.Debug|Any CPU.ActiveCfg = Debug|Any CPU
		{81B4AC3F-EDF7-4873-B8B6-E54C94A90064}.Debug|Any CPU.Build.0 = Debug|Any CPU
		{81B4AC3F-EDF7-4873-B8B6-E54C94A90064}.Release|Any CPU.ActiveCfg = Release|Any CPU
		{81B4AC3F-EDF7-4873-B8B6-E54C94A90064}.Release|Any CPU.Build.0 = Release|Any CPU
		{79C3B318-84E0-4B65-B071-7B1C20E98DB6}.Debug|Any CPU.ActiveCfg = Debug|Any CPU
		{79C3B318-84E0-4B65-B071-7B1C20E98DB6}.Debug|Any CPU.Build.0 = Debug|Any CPU
		{79C3B318-84E0-4B65-B071-7B1C20E98DB6}.Release|Any CPU.ActiveCfg = Release|Any CPU
		{79C3B318-84E0-4B65-B071-7B1C20E98DB6}.Release|Any CPU.Build.0 = Release|Any CPU
	EndGlobalSection
	GlobalSection(SolutionProperties) = preSolution
		HideSolutionNode = FALSE
	EndGlobalSection
	GlobalSection(ExtensibilityGlobals) = postSolution
		SolutionGuid = {A7D7C876-52B6-487F-8CB9-B3346E3E9171}
	EndGlobalSection
EndGlobal
